
Microsoft Visual Studio Solution File, Format Version 12.00
# Visual Studio Version 16
VisualStudioVersion = 16.0.31205.134
MinimumVisualStudioVersion = 10.0.40219.1
Project("{9A19103F-16F7-4668-BE54-9A1E7A4F7556}") = "TypesAndVariables", "TypesAndVariables\TypesAndVariables.csproj", "{36C0CD92-9B35-4D91-A2E7-6DF58C525919}"
EndProject
Project("{9A19103F-16F7-4668-BE54-9A1E7A4F7556}") = "Conditionals", "Conditionals\Conditionals.csproj", "{7022BD1C-5D6A-42DD-9128-523AD9A5434E}"
EndProject
Project("{9A19103F-16F7-4668-BE54-9A1E7A4F7556}") = "Methods", "Methods\Methods.csproj", "{919D92DD-F4C5-48A9-9273-43EDDFC57208}"
EndProject
Project("{9A19103F-16F7-4668-BE54-9A1E7A4F7556}") = "Arrays", "Arrays\Arrays.csproj", "{9FBBAC8E-39A6-47CD-8C9A-75D8AA087660}"
EndProject
Project("{9A19103F-16F7-4668-BE54-9A1E7A4F7556}") = "Loops", "Loops\Loops.csproj", "{9FD03CB8-66D0-4FE6-8B67-070381372E05}"
EndProject
Project("{9A19103F-16F7-4668-BE54-9A1E7A4F7556}") = "Strings", "Strings\Strings.csproj", "{05DB19C3-9617-44ED-8DCB-371B2132CDBE}"
EndProject
Project("{9A19103F-16F7-4668-BE54-9A1E7A4F7556}") = "Classes", "Classes\Classes.csproj", "{6E4CA30B-A047-4DAD-A1CC-4B864D8A7510}"
EndProject
Project("{9A19103F-16F7-4668-BE54-9A1E7A4F7556}") = "RecapDemo1", "RecapDemo1\RecapDemo1.csproj", "{954DBF9E-C2F7-44BA-92C8-AA9AD7A722CB}"
EndProject
Project("{9A19103F-16F7-4668-BE54-9A1E7A4F7556}") = "Interfaces", "Interfaces\Interfaces.csproj", "{36B31874-7ACF-48D0-8270-2AE8F89D1E4F}"
EndProject
Project("{9A19103F-16F7-4668-BE54-9A1E7A4F7556}") = "InterfacesDemo", "InterfacesDemo\InterfacesDemo.csproj", "{4F0DC034-F783-403A-A935-2D4EC1A593FE}"
EndProject
Project("{9A19103F-16F7-4668-BE54-9A1E7A4F7556}") = "Inheritances", "Inheritances\Inheritances.csproj", "{983580A5-06B3-47C9-891D-D412AD83A0FC}"
EndProject
Project("{9A19103F-16F7-4668-BE54-9A1E7A4F7556}") = "AbstractClasses", "AbstractClasses\AbstractClasses.csproj", "{D463BBE2-B707-403E-B89E-0725B8BF2594}"
EndProject
Project("{9A19103F-16F7-4668-BE54-9A1E7A4F7556}") = "RecapDemo2", "RecapDemo2\RecapDemo2.csproj", "{3B19412D-A288-4AFB-A335-534682F70178}"
EndProject
Project("{9A19103F-16F7-4668-BE54-9A1E7A4F7556}") = "AccessModifiers", "AccessModifiers\AccessModifiers.csproj", "{21419463-A072-44B2-854F-745B04A0000C}"
EndProject
Project("{9A19103F-16F7-4668-BE54-9A1E7A4F7556}") = "AccessModifiersDemo", "AccessModifiersDemo\AccessModifiersDemo.csproj", "{8BDC4E41-6169-4C58-B1D0-0BC364A414E3}"
EndProject
Project("{9A19103F-16F7-4668-BE54-9A1E7A4F7556}") = "Constructors", "Constructors\Constructors.csproj", "{5E3C811A-AD18-4B30-8F59-29D0C35832CD}"
EndProject
Project("{9A19103F-16F7-4668-BE54-9A1E7A4F7556}") = "VirtualMethods", "VirtualMethods\VirtualMethods.csproj", "{3CF1259B-CE66-4F97-BCB3-3340E1EF2228}"
EndProject
Project("{9A19103F-16F7-4668-BE54-9A1E7A4F7556}") = "ConstructorsDemo", "ConstructorsDemo\ConstructorsDemo.csproj", "{7752F862-EC57-49B1-8019-0829D75F9DBA}"
EndProject
Project("{9A19103F-16F7-4668-BE54-9A1E7A4F7556}") = "ReferanceAndValueType", "ReferanceAndValueType\ReferanceAndValueType.csproj", "{89F61AD7-E96D-4561-9626-1A33A894D8CF}"
EndProject
Project("{9A19103F-16F7-4668-BE54-9A1E7A4F7556}") = "Collections", "Collections\Collections.csproj", "{4223CC53-12B8-4B5D-BB10-018D25255AAA}"
EndProject
Project("{9A19103F-16F7-4668-BE54-9A1E7A4F7556}") = "Exceptions", "Exceptions\Exceptions.csproj", "{F3E7B34A-8928-46F0-9A67-4342F975E8A2}"
EndProject
Project("{9A19103F-16F7-4668-BE54-9A1E7A4F7556}") = "AdoNetDemo", "AdoNetDemo\AdoNetDemo.csproj", "{BBE5FDBC-49CD-4FFB-BACB-8C3E86B26D6C}"
EndProject
Project("{9A19103F-16F7-4668-BE54-9A1E7A4F7556}") = "EntityFrameworkDemo", "EntityFrameworkDemo\EntityFrameworkDemo.csproj", "{9C1BB5E8-9DA9-4104-BEA1-D63B5EFF76B9}"
EndProject
Project("{9A19103F-16F7-4668-BE54-9A1E7A4F7556}") = "Generics", "Generics\Generics.csproj", "{8651A081-01E2-48D1-86C2-09066795BF14}"
EndProject
Project("{9A19103F-16F7-4668-BE54-9A1E7A4F7556}") = "GenericConstraints", "GenericConstraints\GenericConstraints.csproj", "{42674E7D-7DF9-4F92-8FE8-132B3FAF6BEF}"
EndProject
Project("{FAE04EC0-301F-11D3-BF4B-00C04F79EFBC}") = "Attributes", "Attributes\Attributes.csproj", "{63021200-30BB-43FD-81E7-CCBBD56FFBD7}"
EndProject
Global
	GlobalSection(SolutionConfigurationPlatforms) = preSolution
		Debug|Any CPU = Debug|Any CPU
		Release|Any CPU = Release|Any CPU
	EndGlobalSection
	GlobalSection(ProjectConfigurationPlatforms) = postSolution
		{36C0CD92-9B35-4D91-A2E7-6DF58C525919}.Debug|Any CPU.ActiveCfg = Debug|Any CPU
		{36C0CD92-9B35-4D91-A2E7-6DF58C525919}.Debug|Any CPU.Build.0 = Debug|Any CPU
		{36C0CD92-9B35-4D91-A2E7-6DF58C525919}.Release|Any CPU.ActiveCfg = Release|Any CPU
		{36C0CD92-9B35-4D91-A2E7-6DF58C525919}.Release|Any CPU.Build.0 = Release|Any CPU
		{7022BD1C-5D6A-42DD-9128-523AD9A5434E}.Debug|Any CPU.ActiveCfg = Debug|Any CPU
		{7022BD1C-5D6A-42DD-9128-523AD9A5434E}.Debug|Any CPU.Build.0 = Debug|Any CPU
		{7022BD1C-5D6A-42DD-9128-523AD9A5434E}.Release|Any CPU.ActiveCfg = Release|Any CPU
		{7022BD1C-5D6A-42DD-9128-523AD9A5434E}.Release|Any CPU.Build.0 = Release|Any CPU
		{919D92DD-F4C5-48A9-9273-43EDDFC57208}.Debug|Any CPU.ActiveCfg = Debug|Any CPU
		{919D92DD-F4C5-48A9-9273-43EDDFC57208}.Debug|Any CPU.Build.0 = Debug|Any CPU
		{919D92DD-F4C5-48A9-9273-43EDDFC57208}.Release|Any CPU.ActiveCfg = Release|Any CPU
		{919D92DD-F4C5-48A9-9273-43EDDFC57208}.Release|Any CPU.Build.0 = Release|Any CPU
		{9FBBAC8E-39A6-47CD-8C9A-75D8AA087660}.Debug|Any CPU.ActiveCfg = Debug|Any CPU
		{9FBBAC8E-39A6-47CD-8C9A-75D8AA087660}.Debug|Any CPU.Build.0 = Debug|Any CPU
		{9FBBAC8E-39A6-47CD-8C9A-75D8AA087660}.Release|Any CPU.ActiveCfg = Release|Any CPU
		{9FBBAC8E-39A6-47CD-8C9A-75D8AA087660}.Release|Any CPU.Build.0 = Release|Any CPU
		{9FD03CB8-66D0-4FE6-8B67-070381372E05}.Debug|Any CPU.ActiveCfg = Debug|Any CPU
		{9FD03CB8-66D0-4FE6-8B67-070381372E05}.Debug|Any CPU.Build.0 = Debug|Any CPU
		{9FD03CB8-66D0-4FE6-8B67-070381372E05}.Release|Any CPU.ActiveCfg = Release|Any CPU
		{9FD03CB8-66D0-4FE6-8B67-070381372E05}.Release|Any CPU.Build.0 = Release|Any CPU
		{05DB19C3-9617-44ED-8DCB-371B2132CDBE}.Debug|Any CPU.ActiveCfg = Debug|Any CPU
		{05DB19C3-9617-44ED-8DCB-371B2132CDBE}.Debug|Any CPU.Build.0 = Debug|Any CPU
		{05DB19C3-9617-44ED-8DCB-371B2132CDBE}.Release|Any CPU.ActiveCfg = Release|Any CPU
		{05DB19C3-9617-44ED-8DCB-371B2132CDBE}.Release|Any CPU.Build.0 = Release|Any CPU
		{6E4CA30B-A047-4DAD-A1CC-4B864D8A7510}.Debug|Any CPU.ActiveCfg = Debug|Any CPU
		{6E4CA30B-A047-4DAD-A1CC-4B864D8A7510}.Debug|Any CPU.Build.0 = Debug|Any CPU
		{6E4CA30B-A047-4DAD-A1CC-4B864D8A7510}.Release|Any CPU.ActiveCfg = Release|Any CPU
		{6E4CA30B-A047-4DAD-A1CC-4B864D8A7510}.Release|Any CPU.Build.0 = Release|Any CPU
		{954DBF9E-C2F7-44BA-92C8-AA9AD7A722CB}.Debug|Any CPU.ActiveCfg = Debug|Any CPU
		{954DBF9E-C2F7-44BA-92C8-AA9AD7A722CB}.Debug|Any CPU.Build.0 = Debug|Any CPU
		{954DBF9E-C2F7-44BA-92C8-AA9AD7A722CB}.Release|Any CPU.ActiveCfg = Release|Any CPU
		{954DBF9E-C2F7-44BA-92C8-AA9AD7A722CB}.Release|Any CPU.Build.0 = Release|Any CPU
		{36B31874-7ACF-48D0-8270-2AE8F89D1E4F}.Debug|Any CPU.ActiveCfg = Debug|Any CPU
		{36B31874-7ACF-48D0-8270-2AE8F89D1E4F}.Debug|Any CPU.Build.0 = Debug|Any CPU
		{36B31874-7ACF-48D0-8270-2AE8F89D1E4F}.Release|Any CPU.ActiveCfg = Release|Any CPU
		{36B31874-7ACF-48D0-8270-2AE8F89D1E4F}.Release|Any CPU.Build.0 = Release|Any CPU
		{4F0DC034-F783-403A-A935-2D4EC1A593FE}.Debug|Any CPU.ActiveCfg = Debug|Any CPU
		{4F0DC034-F783-403A-A935-2D4EC1A593FE}.Debug|Any CPU.Build.0 = Debug|Any CPU
		{4F0DC034-F783-403A-A935-2D4EC1A593FE}.Release|Any CPU.ActiveCfg = Release|Any CPU
		{4F0DC034-F783-403A-A935-2D4EC1A593FE}.Release|Any CPU.Build.0 = Release|Any CPU
		{983580A5-06B3-47C9-891D-D412AD83A0FC}.Debug|Any CPU.ActiveCfg = Debug|Any CPU
		{983580A5-06B3-47C9-891D-D412AD83A0FC}.Debug|Any CPU.Build.0 = Debug|Any CPU
		{983580A5-06B3-47C9-891D-D412AD83A0FC}.Release|Any CPU.ActiveCfg = Release|Any CPU
		{983580A5-06B3-47C9-891D-D412AD83A0FC}.Release|Any CPU.Build.0 = Release|Any CPU
		{D463BBE2-B707-403E-B89E-0725B8BF2594}.Debug|Any CPU.ActiveCfg = Debug|Any CPU
		{D463BBE2-B707-403E-B89E-0725B8BF2594}.Debug|Any CPU.Build.0 = Debug|Any CPU
		{D463BBE2-B707-403E-B89E-0725B8BF2594}.Release|Any CPU.ActiveCfg = Release|Any CPU
		{D463BBE2-B707-403E-B89E-0725B8BF2594}.Release|Any CPU.Build.0 = Release|Any CPU
		{3B19412D-A288-4AFB-A335-534682F70178}.Debug|Any CPU.ActiveCfg = Debug|Any CPU
		{3B19412D-A288-4AFB-A335-534682F70178}.Debug|Any CPU.Build.0 = Debug|Any CPU
		{3B19412D-A288-4AFB-A335-534682F70178}.Release|Any CPU.ActiveCfg = Release|Any CPU
		{3B19412D-A288-4AFB-A335-534682F70178}.Release|Any CPU.Build.0 = Release|Any CPU
		{21419463-A072-44B2-854F-745B04A0000C}.Debug|Any CPU.ActiveCfg = Debug|Any CPU
		{21419463-A072-44B2-854F-745B04A0000C}.Debug|Any CPU.Build.0 = Debug|Any CPU
		{21419463-A072-44B2-854F-745B04A0000C}.Release|Any CPU.ActiveCfg = Release|Any CPU
		{21419463-A072-44B2-854F-745B04A0000C}.Release|Any CPU.Build.0 = Release|Any CPU
		{8BDC4E41-6169-4C58-B1D0-0BC364A414E3}.Debug|Any CPU.ActiveCfg = Debug|Any CPU
		{8BDC4E41-6169-4C58-B1D0-0BC364A414E3}.Debug|Any CPU.Build.0 = Debug|Any CPU
		{8BDC4E41-6169-4C58-B1D0-0BC364A414E3}.Release|Any CPU.ActiveCfg = Release|Any CPU
		{8BDC4E41-6169-4C58-B1D0-0BC364A414E3}.Release|Any CPU.Build.0 = Release|Any CPU
		{5E3C811A-AD18-4B30-8F59-29D0C35832CD}.Debug|Any CPU.ActiveCfg = Debug|Any CPU
		{5E3C811A-AD18-4B30-8F59-29D0C35832CD}.Debug|Any CPU.Build.0 = Debug|Any CPU
		{5E3C811A-AD18-4B30-8F59-29D0C35832CD}.Release|Any CPU.ActiveCfg = Release|Any CPU
		{5E3C811A-AD18-4B30-8F59-29D0C35832CD}.Release|Any CPU.Build.0 = Release|Any CPU
		{3CF1259B-CE66-4F97-BCB3-3340E1EF2228}.Debug|Any CPU.ActiveCfg = Debug|Any CPU
		{3CF1259B-CE66-4F97-BCB3-3340E1EF2228}.Debug|Any CPU.Build.0 = Debug|Any CPU
		{3CF1259B-CE66-4F97-BCB3-3340E1EF2228}.Release|Any CPU.ActiveCfg = Release|Any CPU
		{3CF1259B-CE66-4F97-BCB3-3340E1EF2228}.Release|Any CPU.Build.0 = Release|Any CPU
		{7752F862-EC57-49B1-8019-0829D75F9DBA}.Debug|Any CPU.ActiveCfg = Debug|Any CPU
		{7752F862-EC57-49B1-8019-0829D75F9DBA}.Debug|Any CPU.Build.0 = Debug|Any CPU
		{7752F862-EC57-49B1-8019-0829D75F9DBA}.Release|Any CPU.ActiveCfg = Release|Any CPU
		{7752F862-EC57-49B1-8019-0829D75F9DBA}.Release|Any CPU.Build.0 = Release|Any CPU
		{89F61AD7-E96D-4561-9626-1A33A894D8CF}.Debug|Any CPU.ActiveCfg = Debug|Any CPU
		{89F61AD7-E96D-4561-9626-1A33A894D8CF}.Debug|Any CPU.Build.0 = Debug|Any CPU
		{89F61AD7-E96D-4561-9626-1A33A894D8CF}.Release|Any CPU.ActiveCfg = Release|Any CPU
		{89F61AD7-E96D-4561-9626-1A33A894D8CF}.Release|Any CPU.Build.0 = Release|Any CPU
		{4223CC53-12B8-4B5D-BB10-018D25255AAA}.Debug|Any CPU.ActiveCfg = Debug|Any CPU
		{4223CC53-12B8-4B5D-BB10-018D25255AAA}.Debug|Any CPU.Build.0 = Debug|Any CPU
		{4223CC53-12B8-4B5D-BB10-018D25255AAA}.Release|Any CPU.ActiveCfg = Release|Any CPU
		{4223CC53-12B8-4B5D-BB10-018D25255AAA}.Release|Any CPU.Build.0 = Release|Any CPU
		{F3E7B34A-8928-46F0-9A67-4342F975E8A2}.Debug|Any CPU.ActiveCfg = Debug|Any CPU
		{F3E7B34A-8928-46F0-9A67-4342F975E8A2}.Debug|Any CPU.Build.0 = Debug|Any CPU
		{F3E7B34A-8928-46F0-9A67-4342F975E8A2}.Release|Any CPU.ActiveCfg = Release|Any CPU
		{F3E7B34A-8928-46F0-9A67-4342F975E8A2}.Release|Any CPU.Build.0 = Release|Any CPU
		{BBE5FDBC-49CD-4FFB-BACB-8C3E86B26D6C}.Debug|Any CPU.ActiveCfg = Debug|Any CPU
		{BBE5FDBC-49CD-4FFB-BACB-8C3E86B26D6C}.Debug|Any CPU.Build.0 = Debug|Any CPU
		{BBE5FDBC-49CD-4FFB-BACB-8C3E86B26D6C}.Release|Any CPU.ActiveCfg = Release|Any CPU
		{BBE5FDBC-49CD-4FFB-BACB-8C3E86B26D6C}.Release|Any CPU.Build.0 = Release|Any CPU
		{9C1BB5E8-9DA9-4104-BEA1-D63B5EFF76B9}.Debug|Any CPU.ActiveCfg = Debug|Any CPU
		{9C1BB5E8-9DA9-4104-BEA1-D63B5EFF76B9}.Debug|Any CPU.Build.0 = Debug|Any CPU
		{9C1BB5E8-9DA9-4104-BEA1-D63B5EFF76B9}.Release|Any CPU.ActiveCfg = Release|Any CPU
		{9C1BB5E8-9DA9-4104-BEA1-D63B5EFF76B9}.Release|Any CPU.Build.0 = Release|Any CPU
		{8651A081-01E2-48D1-86C2-09066795BF14}.Debug|Any CPU.ActiveCfg = Debug|Any CPU
		{8651A081-01E2-48D1-86C2-09066795BF14}.Debug|Any CPU.Build.0 = Debug|Any CPU
		{8651A081-01E2-48D1-86C2-09066795BF14}.Release|Any CPU.ActiveCfg = Release|Any CPU
		{8651A081-01E2-48D1-86C2-09066795BF14}.Release|Any CPU.Build.0 = Release|Any CPU
		{42674E7D-7DF9-4F92-8FE8-132B3FAF6BEF}.Debug|Any CPU.ActiveCfg = Debug|Any CPU
		{42674E7D-7DF9-4F92-8FE8-132B3FAF6BEF}.Debug|Any CPU.Build.0 = Debug|Any CPU
		{42674E7D-7DF9-4F92-8FE8-132B3FAF6BEF}.Release|Any CPU.ActiveCfg = Release|Any CPU
		{42674E7D-7DF9-4F92-8FE8-132B3FAF6BEF}.Release|Any CPU.Build.0 = Release|Any CPU
		{63021200-30BB-43FD-81E7-CCBBD56FFBD7}.Debug|Any CPU.ActiveCfg = Debug|Any CPU
		{63021200-30BB-43FD-81E7-CCBBD56FFBD7}.Debug|Any CPU.Build.0 = Debug|Any CPU
		{63021200-30BB-43FD-81E7-CCBBD56FFBD7}.Release|Any CPU.ActiveCfg = Release|Any CPU
		{63021200-30BB-43FD-81E7-CCBBD56FFBD7}.Release|Any CPU.Build.0 = Release|Any CPU
	EndGlobalSection
	GlobalSection(SolutionProperties) = preSolution
		HideSolutionNode = FALSE
	EndGlobalSection
	GlobalSection(ExtensibilityGlobals) = postSolution
		SolutionGuid = {FB7B4D67-E73C-4B55-A13A-D30FE3791B95}
	EndGlobalSection
EndGlobal
