
Microsoft Visual Studio Solution File, Format Version 12.00
# Visual Studio Version 16
VisualStudioVersion = 16.0.31205.134
MinimumVisualStudioVersion = 10.0.40219.1
Project("{9A19103F-16F7-4668-BE54-9A1E7A4F7556}") = "TypesAndVariables", "TypesAndVariables\TypesAndVariables.csproj", "{36C0CD92-9B35-4D91-A2E7-6DF58C525919}"
EndProject
Project("{9A19103F-16F7-4668-BE54-9A1E7A4F7556}") = "Conditionals", "Conditionals\Conditionals.csproj", "{7022BD1C-5D6A-42DD-9128-523AD9A5434E}"
EndProject
Project("{9A19103F-16F7-4668-BE54-9A1E7A4F7556}") = "Methods", "Methods\Methods.csproj", "{919D92DD-F4C5-48A9-9273-43EDDFC57208}"
EndProject
Project("{9A19103F-16F7-4668-BE54-9A1E7A4F7556}") = "Arrays", "Arrays\Arrays.csproj", "{9FBBAC8E-39A6-47CD-8C9A-75D8AA087660}"
EndProject
Project("{9A19103F-16F7-4668-BE54-9A1E7A4F7556}") = "Loops", "Loops\Loops.csproj", "{9FD03CB8-66D0-4FE6-8B67-070381372E05}"
EndProject
Project("{9A19103F-16F7-4668-BE54-9A1E7A4F7556}") = "Strings", "Strings\Strings.csproj", "{05DB19C3-9617-44ED-8DCB-371B2132CDBE}"
EndProject
Project("{9A19103F-16F7-4668-BE54-9A1E7A4F7556}") = "Classes", "Classes\Classes.csproj", "{6E4CA30B-A047-4DAD-A1CC-4B864D8A7510}"
EndProject
Project("{FAE04EC0-301F-11D3-BF4B-00C04F79EFBC}") = "RecapDemo1", "RecapDemo1\RecapDemo1.csproj", "{954DBF9E-C2F7-44BA-92C8-AA9AD7A722CB}"
EndProject
Project("{FAE04EC0-301F-11D3-BF4B-00C04F79EFBC}") = "Interfaces", "Interfaces\Interfaces.csproj", "{36B31874-7ACF-48D0-8270-2AE8F89D1E4F}"
EndProject
Global
	GlobalSection(SolutionConfigurationPlatforms) = preSolution
		Debug|Any CPU = Debug|Any CPU
		Release|Any CPU = Release|Any CPU
	EndGlobalSection
	GlobalSection(ProjectConfigurationPlatforms) = postSolution
		{36C0CD92-9B35-4D91-A2E7-6DF58C525919}.Debug|Any CPU.ActiveCfg = Debug|Any CPU
		{36C0CD92-9B35-4D91-A2E7-6DF58C525919}.Debug|Any CPU.Build.0 = Debug|Any CPU
		{36C0CD92-9B35-4D91-A2E7-6DF58C525919}.Release|Any CPU.ActiveCfg = Release|Any CPU
		{36C0CD92-9B35-4D91-A2E7-6DF58C525919}.Release|Any CPU.Build.0 = Release|Any CPU
		{7022BD1C-5D6A-42DD-9128-523AD9A5434E}.Debug|Any CPU.ActiveCfg = Debug|Any CPU
		{7022BD1C-5D6A-42DD-9128-523AD9A5434E}.Debug|Any CPU.Build.0 = Debug|Any CPU
		{7022BD1C-5D6A-42DD-9128-523AD9A5434E}.Release|Any CPU.ActiveCfg = Release|Any CPU
		{7022BD1C-5D6A-42DD-9128-523AD9A5434E}.Release|Any CPU.Build.0 = Release|Any CPU
		{919D92DD-F4C5-48A9-9273-43EDDFC57208}.Debug|Any CPU.ActiveCfg = Debug|Any CPU
		{919D92DD-F4C5-48A9-9273-43EDDFC57208}.Debug|Any CPU.Build.0 = Debug|Any CPU
		{919D92DD-F4C5-48A9-9273-43EDDFC57208}.Release|Any CPU.ActiveCfg = Release|Any CPU
		{919D92DD-F4C5-48A9-9273-43EDDFC57208}.Release|Any CPU.Build.0 = Release|Any CPU
		{9FBBAC8E-39A6-47CD-8C9A-75D8AA087660}.Debug|Any CPU.ActiveCfg = Debug|Any CPU
		{9FBBAC8E-39A6-47CD-8C9A-75D8AA087660}.Debug|Any CPU.Build.0 = Debug|Any CPU
		{9FBBAC8E-39A6-47CD-8C9A-75D8AA087660}.Release|Any CPU.ActiveCfg = Release|Any CPU
		{9FBBAC8E-39A6-47CD-8C9A-75D8AA087660}.Release|Any CPU.Build.0 = Release|Any CPU
		{9FD03CB8-66D0-4FE6-8B67-070381372E05}.Debug|Any CPU.ActiveCfg = Debug|Any CPU
		{9FD03CB8-66D0-4FE6-8B67-070381372E05}.Debug|Any CPU.Build.0 = Debug|Any CPU
		{9FD03CB8-66D0-4FE6-8B67-070381372E05}.Release|Any CPU.ActiveCfg = Release|Any CPU
		{9FD03CB8-66D0-4FE6-8B67-070381372E05}.Release|Any CPU.Build.0 = Release|Any CPU
		{05DB19C3-9617-44ED-8DCB-371B2132CDBE}.Debug|Any CPU.ActiveCfg = Debug|Any CPU
		{05DB19C3-9617-44ED-8DCB-371B2132CDBE}.Debug|Any CPU.Build.0 = Debug|Any CPU
		{05DB19C3-9617-44ED-8DCB-371B2132CDBE}.Release|Any CPU.ActiveCfg = Release|Any CPU
		{05DB19C3-9617-44ED-8DCB-371B2132CDBE}.Release|Any CPU.Build.0 = Release|Any CPU
		{6E4CA30B-A047-4DAD-A1CC-4B864D8A7510}.Debug|Any CPU.ActiveCfg = Debug|Any CPU
		{6E4CA30B-A047-4DAD-A1CC-4B864D8A7510}.Debug|Any CPU.Build.0 = Debug|Any CPU
		{6E4CA30B-A047-4DAD-A1CC-4B864D8A7510}.Release|Any CPU.ActiveCfg = Release|Any CPU
		{6E4CA30B-A047-4DAD-A1CC-4B864D8A7510}.Release|Any CPU.Build.0 = Release|Any CPU
		{954DBF9E-C2F7-44BA-92C8-AA9AD7A722CB}.Debug|Any CPU.ActiveCfg = Debug|Any CPU
		{954DBF9E-C2F7-44BA-92C8-AA9AD7A722CB}.Debug|Any CPU.Build.0 = Debug|Any CPU
		{954DBF9E-C2F7-44BA-92C8-AA9AD7A722CB}.Release|Any CPU.ActiveCfg = Release|Any CPU
		{954DBF9E-C2F7-44BA-92C8-AA9AD7A722CB}.Release|Any CPU.Build.0 = Release|Any CPU
		{36B31874-7ACF-48D0-8270-2AE8F89D1E4F}.Debug|Any CPU.ActiveCfg = Debug|Any CPU
		{36B31874-7ACF-48D0-8270-2AE8F89D1E4F}.Debug|Any CPU.Build.0 = Debug|Any CPU
		{36B31874-7ACF-48D0-8270-2AE8F89D1E4F}.Release|Any CPU.ActiveCfg = Release|Any CPU
		{36B31874-7ACF-48D0-8270-2AE8F89D1E4F}.Release|Any CPU.Build.0 = Release|Any CPU
	EndGlobalSection
	GlobalSection(SolutionProperties) = preSolution
		HideSolutionNode = FALSE
	EndGlobalSection
	GlobalSection(ExtensibilityGlobals) = postSolution
		SolutionGuid = {FB7B4D67-E73C-4B55-A13A-D30FE3791B95}
	EndGlobalSection
EndGlobal
